
Microsoft Visual Studio Solution File, Format Version 11.00
# Visual Studio 2010
Project("{FAE04EC0-301F-11D3-BF4B-00C04F79EFBC}") = "UniRx", "UniRx.csproj", "{b7ce36a5-8826-8cec-30fe-390308da6b53}"
EndProject
Project("{FAE04EC0-301F-11D3-BF4B-00C04F79EFBC}") = "UniRx.Examples", "UniRx.Examples.csproj", "{588903b6-03d8-7e81-a8fb-536c2625b15b}"
EndProject
Project("{FAE04EC0-301F-11D3-BF4B-00C04F79EFBC}") = "Assembly-CSharp", "Assembly-CSharp.csproj", "{2a72f09d-3ac2-fef1-46c2-82d00b000545}"
EndProject
Project("{FAE04EC0-301F-11D3-BF4B-00C04F79EFBC}") = "Assembly-CSharp-Editor", "Assembly-CSharp-Editor.csproj", "{c9d222b3-52e8-9b3a-08dc-a46a04ca12d9}"
EndProject
Global
	GlobalSection(SolutionConfigurationPlatforms) = preSolution
		Debug|Any CPU = Debug|Any CPU
	EndGlobalSection
	GlobalSection(ProjectConfigurationPlatforms) = postSolution
		{b7ce36a5-8826-8cec-30fe-390308da6b53}.Debug|Any CPU.ActiveCfg = Debug|Any CPU
		{b7ce36a5-8826-8cec-30fe-390308da6b53}.Debug|Any CPU.Build.0 = Debug|Any CPU
		{588903b6-03d8-7e81-a8fb-536c2625b15b}.Debug|Any CPU.ActiveCfg = Debug|Any CPU
		{588903b6-03d8-7e81-a8fb-536c2625b15b}.Debug|Any CPU.Build.0 = Debug|Any CPU
		{2a72f09d-3ac2-fef1-46c2-82d00b000545}.Debug|Any CPU.ActiveCfg = Debug|Any CPU
		{2a72f09d-3ac2-fef1-46c2-82d00b000545}.Debug|Any CPU.Build.0 = Debug|Any CPU
		{c9d222b3-52e8-9b3a-08dc-a46a04ca12d9}.Debug|Any CPU.ActiveCfg = Debug|Any CPU
		{c9d222b3-52e8-9b3a-08dc-a46a04ca12d9}.Debug|Any CPU.Build.0 = Debug|Any CPU
	EndGlobalSection
	GlobalSection(SolutionProperties) = preSolution
		HideSolutionNode = FALSE
	EndGlobalSection
EndGlobal
